<?xml version="1.0" encoding="utf-8"?>
<Project ToolsVersion="4.0" xmlns="http://schemas.microsoft.com/developer/msbuild/2003">
  <ItemGroup>
    <Filter Include="Source Files">
      <UniqueIdentifier>{4FC737F1-C7A5-4376-A066-2A32D752A2FF}</UniqueIdentifier>
      <Extensions>cpp;c;cc;cxx;def;odl;idl;hpj;bat;asm;asmx</Extensions>
    </Filter>
    <Filter Include="Header Files">
      <UniqueIdentifier>{93995380-89BD-4b04-88EB-625FBE52EBFB}</UniqueIdentifier>
      <Extensions>h;hh;hpp;hxx;hm;inl;inc;xsd</Extensions>
    </Filter>
    <Filter Include="Resource Files">
      <UniqueIdentifier>{67DA6AB6-F800-4c08-8B7A-83BB121AAD01}</UniqueIdentifier>
      <Extensions>rc;ico;cur;bmp;dlg;rc2;rct;bin;rgs;gif;jpg;jpeg;jpe;resx;tiff;tif;png;wav;mfcribbon-ms</Extensions>
    </Filter>
    <Filter Include="engine">
      <UniqueIdentifier>{a14c8f40-3737-4a40-838a-bbbdb8452dfa}</UniqueIdentifier>
    </Filter>
    <Filter Include="engine\math">
      <UniqueIdentifier>{8f6c5baf-12b9-497b-8159-480904888b65}</UniqueIdentifier>
    </Filter>
    <Filter Include="engine\drawables">
      <UniqueIdentifier>{5cbda668-67f7-4666-ba25-2e381aa13aef}</UniqueIdentifier>
    </Filter>
  </ItemGroup>
  <ItemGroup>
    <ClCompile Include="Valhalla.cpp">
      <Filter>Source Files</Filter>
    </ClCompile>
    <ClCompile Include="gGears.cpp">
      <Filter>engine</Filter>
    </ClCompile>
    <ClCompile Include="gGlobals.cpp">
      <Filter>engine</Filter>
    </ClCompile>
    <ClCompile Include="gInput.cpp">
      <Filter>engine</Filter>
    </ClCompile>
    <ClCompile Include="gGame.cpp">
      <Filter>engine</Filter>
    </ClCompile>
    <ClCompile Include="Perlin.cpp">
      <Filter>Source Files</Filter>
    </ClCompile>
    <ClCompile Include="gMat.cpp">
      <Filter>engine\math</Filter>
    </ClCompile>
    <ClCompile Include="gears.cpp">
      <Filter>engine</Filter>
    </ClCompile>
    <ClCompile Include="gTools.cpp">
      <Filter>engine</Filter>
    </ClCompile>
    <ClCompile Include="PngExporter.cpp">
      <Filter>Source Files</Filter>
    </ClCompile>
    <ClCompile Include="lodepng.cpp">
      <Filter>engine</Filter>
    </ClCompile>
    <ClCompile Include="gStaticVertexBuffer.cpp">
      <Filter>engine\drawables</Filter>
    </ClCompile>
    <ClCompile Include="gStaticIndexBuffer.cpp">
      <Filter>engine\drawables</Filter>
    </ClCompile>
    <ClCompile Include="gStaticBufferedDrawables.cpp">
      <Filter>engine\drawables</Filter>
    </ClCompile>
    <ClCompile Include="WorldMap.cpp">
      <Filter>Source Files</Filter>
    </ClCompile>
    <ClCompile Include="TerrainNode.cpp">
      <Filter>Source Files</Filter>
    </ClCompile>
    <ClCompile Include="PerlinShell.cpp">
      <Filter>Source Files</Filter>
    </ClCompile>
  </ItemGroup>
  <ItemGroup>
    <ClInclude Include="Valhalla.h">
      <Filter>Header Files</Filter>
    </ClInclude>
    <ClInclude Include="gInput.h">
      <Filter>engine</Filter>
    </ClInclude>
    <ClInclude Include="gGame.h">
      <Filter>engine</Filter>
    </ClInclude>
    <ClInclude Include="gGears.h">
      <Filter>engine</Filter>
    </ClInclude>
    <ClInclude Include="gTime.h">
      <Filter>engine</Filter>
    </ClInclude>
    <ClInclude Include="gGlobals.h">
      <Filter>engine</Filter>
    </ClInclude>
    <ClInclude Include="FixedSizedArray.h">
      <Filter>engine</Filter>
    </ClInclude>
    <ClInclude Include="Perlin.h">
      <Filter>Header Files</Filter>
    </ClInclude>
    <ClInclude Include="FixedSizedPriorityArray.h">
      <Filter>engine</Filter>
    </ClInclude>
    <ClInclude Include="gCamera.h">
      <Filter>engine</Filter>
    </ClInclude>
    <ClInclude Include="gTools.h">
      <Filter>engine</Filter>
    </ClInclude>
    <ClInclude Include="PerlinShell.h">
      <Filter>Header Files</Filter>
    </ClInclude>
    <ClInclude Include="__gVec_Imp.h">
      <Filter>engine\math</Filter>
    </ClInclude>
    <ClInclude Include="gVec.h">
      <Filter>engine\math</Filter>
    </ClInclude>
    <ClInclude Include="gMat.h">
      <Filter>engine\math</Filter>
    </ClInclude>
    <ClInclude Include="gPrimitives.h">
      <Filter>engine\drawables</Filter>
    </ClInclude>
    <ClInclude Include="PerlinMap.h">
      <Filter>Header Files</Filter>
    </ClInclude>
    <ClInclude Include="Grid.h">
      <Filter>Header Files</Filter>
    </ClInclude>
    <ClInclude Include="WorldMap.h">
      <Filter>Header Files</Filter>
    </ClInclude>
    <ClInclude Include="gShader.h">
      <Filter>engine</Filter>
    </ClInclude>
    <ClInclude Include="PngExporter.h">
      <Filter>Header Files</Filter>
    </ClInclude>
    <ClInclude Include="gTexture.h">
      <Filter>engine</Filter>
    </ClInclude>
    <ClInclude Include="lodepng.h">
      <Filter>engine</Filter>
    </ClInclude>
    <ClInclude Include="gStaticVertexBuffer.h">
      <Filter>engine\drawables</Filter>
    </ClInclude>
    <ClInclude Include="gStaticIndexBuffer.h">
      <Filter>engine\drawables</Filter>
    </ClInclude>
    <ClInclude Include="gStaticBufferedDrawables.h">
      <Filter>engine\drawables</Filter>
    </ClInclude>
    <ClInclude Include="TerrainNode.h">
      <Filter>Header Files</Filter>
    </ClInclude>
    <ClInclude Include="Tools.h">
      <Filter>Header Files</Filter>
    </ClInclude>
  </ItemGroup>
  <ItemGroup>
    <None Include="default.vs">
      <Filter>Resource Files</Filter>
    </None>
    <None Include="default.ps">
      <Filter>Resource Files</Filter>
    </None>
  </ItemGroup>
</Project>